
Microsoft Visual Studio Solution File, Format Version 12.00
# Visual Studio Version 16
VisualStudioVersion = 16.0.28407.52
MinimumVisualStudioVersion = 10.0.40219.1
Project("{8BC9CEB8-8B4A-11D0-8D11-00A0C91BC942}") = "Maple2DX9Memes", "Maple2DX9Memes\Maple2DX9Memes.vcxproj", "{C55C3D42-17E1-4501-9A78-7DECF9FB65A9}"
EndProject
Global
	GlobalSection(SolutionConfigurationPlatforms) = preSolution
		Debug|x64 = Debug|x64
		Debug|x86 = Debug|x86
		GMS|x64 = GMS|x64
		GMS|x86 = GMS|x86
		KMS|x64 = KMS|x64
		KMS|x86 = KMS|x86
		Release|x64 = Release|x64
		Release|x86 = Release|x86
	EndGlobalSection
	GlobalSection(ProjectConfigurationPlatforms) = postSolution
		{C55C3D42-17E1-4501-9A78-7DECF9FB65A9}.Debug|x64.ActiveCfg = Debug|x64
		{C55C3D42-17E1-4501-9A78-7DECF9FB65A9}.Debug|x64.Build.0 = Debug|x64
		{C55C3D42-17E1-4501-9A78-7DECF9FB65A9}.Debug|x86.ActiveCfg = Debug|Win32
		{C55C3D42-17E1-4501-9A78-7DECF9FB65A9}.Debug|x86.Build.0 = Debug|Win32
		{C55C3D42-17E1-4501-9A78-7DECF9FB65A9}.GMS|x64.ActiveCfg = GMS|x64
		{C55C3D42-17E1-4501-9A78-7DECF9FB65A9}.GMS|x64.Build.0 = GMS|x64
		{C55C3D42-17E1-4501-9A78-7DECF9FB65A9}.GMS|x86.ActiveCfg = GMS|Win32
		{C55C3D42-17E1-4501-9A78-7DECF9FB65A9}.GMS|x86.Build.0 = GMS|Win32
		{C55C3D42-17E1-4501-9A78-7DECF9FB65A9}.KMS|x64.ActiveCfg = KMS|x64
		{C55C3D42-17E1-4501-9A78-7DECF9FB65A9}.KMS|x64.Build.0 = KMS|x64
		{C55C3D42-17E1-4501-9A78-7DECF9FB65A9}.KMS|x86.ActiveCfg = KMS|Win32
		{C55C3D42-17E1-4501-9A78-7DECF9FB65A9}.KMS|x86.Build.0 = KMS|Win32
		{C55C3D42-17E1-4501-9A78-7DECF9FB65A9}.Release|x64.ActiveCfg = Release|x64
		{C55C3D42-17E1-4501-9A78-7DECF9FB65A9}.Release|x64.Build.0 = Release|x64
		{C55C3D42-17E1-4501-9A78-7DECF9FB65A9}.Release|x86.ActiveCfg = Release|Win32
		{C55C3D42-17E1-4501-9A78-7DECF9FB65A9}.Release|x86.Build.0 = Release|Win32
	EndGlobalSection
	GlobalSection(SolutionProperties) = preSolution
		HideSolutionNode = FALSE
	EndGlobalSection
	GlobalSection(ExtensibilityGlobals) = postSolution
		SolutionGuid = {C4F669CE-FC2F-4D85-997F-FD9DC651D9DB}
	EndGlobalSection
EndGlobal
